
Microsoft Visual Studio Solution File, Format Version 12.00
# Visual Studio Version 16
VisualStudioVersion = 16.0.30406.217
MinimumVisualStudioVersion = 10.0.40219.1
Project("{FAE04EC0-301F-11D3-BF4B-00C04F79EFBC}") = "RabinKarp", "RabinKarp\RabinKarp.csproj", "{C0BE7512-A739-4B1F-9ED0-7A39AECB1A95}"
EndProject
Global
	GlobalSection(SolutionConfigurationPlatforms) = preSolution
		Debug|Any CPU = Debug|Any CPU
		Release|Any CPU = Release|Any CPU
	EndGlobalSection
	GlobalSection(ProjectConfigurationPlatforms) = postSolution
		{C0BE7512-A739-4B1F-9ED0-7A39AECB1A95}.Debug|Any CPU.ActiveCfg = Debug|Any CPU
		{C0BE7512-A739-4B1F-9ED0-7A39AECB1A95}.Debug|Any CPU.Build.0 = Debug|Any CPU
		{C0BE7512-A739-4B1F-9ED0-7A39AECB1A95}.Release|Any CPU.ActiveCfg = Release|Any CPU
		{C0BE7512-A739-4B1F-9ED0-7A39AECB1A95}.Release|Any CPU.Build.0 = Release|Any CPU
	EndGlobalSection
	GlobalSection(SolutionProperties) = preSolution
		HideSolutionNode = FALSE
	EndGlobalSection
	GlobalSection(ExtensibilityGlobals) = postSolution
		SolutionGuid = {BCCEBB5E-4D2A-4B3E-84CE-A90D9190A00F}
	EndGlobalSection
EndGlobal
